// !$*UTF8*$!
{
	archiveVersion = 1;
	classes = {
	};
	objectVersion = 56;
	objects = {

/* Begin PBXBuildFile section */
		0B373C602A1EFCBD003152A1 /* LoginCompleteView.swift in Sources */ = {isa = PBXBuildFile; fileRef = 0B373C5F2A1EFCBD003152A1 /* LoginCompleteView.swift */; };
		0B76B5672A1C3CB400C45600 /* Color.xcassets in Resources */ = {isa = PBXBuildFile; fileRef = 0B76B5662A1C3CB400C45600 /* Color.xcassets */; };
		0B76B5692A1C3E2E00C45600 /* LaunchScreen.storyboard in Resources */ = {isa = PBXBuildFile; fileRef = 0B76B5682A1C3E2E00C45600 /* LaunchScreen.storyboard */; };
		0B76B56C2A1C477E00C45600 /* OnboardingView.swift in Sources */ = {isa = PBXBuildFile; fileRef = 0B76B56B2A1C477E00C45600 /* OnboardingView.swift */; };
		0B76B5792A1C511100C45600 /* SUIT-Thin.ttf in Resources */ = {isa = PBXBuildFile; fileRef = 0B76B5702A1C510E00C45600 /* SUIT-Thin.ttf */; };
		0B76B57A2A1C511100C45600 /* SUIT-Light.ttf in Resources */ = {isa = PBXBuildFile; fileRef = 0B76B5712A1C510E00C45600 /* SUIT-Light.ttf */; };
		0B76B57B2A1C511100C45600 /* SUIT-Regular.ttf in Resources */ = {isa = PBXBuildFile; fileRef = 0B76B5722A1C510E00C45600 /* SUIT-Regular.ttf */; };
		0B76B57C2A1C511100C45600 /* SUIT-SemiBold.ttf in Resources */ = {isa = PBXBuildFile; fileRef = 0B76B5732A1C510E00C45600 /* SUIT-SemiBold.ttf */; };
		0B76B57D2A1C511100C45600 /* SUIT-Bold.ttf in Resources */ = {isa = PBXBuildFile; fileRef = 0B76B5742A1C510F00C45600 /* SUIT-Bold.ttf */; };
		0B76B57E2A1C511100C45600 /* SUIT-Medium.ttf in Resources */ = {isa = PBXBuildFile; fileRef = 0B76B5752A1C511000C45600 /* SUIT-Medium.ttf */; };
		0B76B57F2A1C511100C45600 /* SUIT-ExtraBold.ttf in Resources */ = {isa = PBXBuildFile; fileRef = 0B76B5762A1C511100C45600 /* SUIT-ExtraBold.ttf */; };
		0B76B5802A1C511100C45600 /* SUIT-ExtraLight.ttf in Resources */ = {isa = PBXBuildFile; fileRef = 0B76B5772A1C511100C45600 /* SUIT-ExtraLight.ttf */; };
		0B76B5812A1C511100C45600 /* SUIT-Heavy.ttf in Resources */ = {isa = PBXBuildFile; fileRef = 0B76B5782A1C511100C45600 /* SUIT-Heavy.ttf */; };
		0B7CCF162A52632400CE6807 /* AppDelegate.swift in Sources */ = {isa = PBXBuildFile; fileRef = 0B7CCF152A52632400CE6807 /* AppDelegate.swift */; };
		0B7CCF182A526F5B00CE6807 /* KeychainManager.swift in Sources */ = {isa = PBXBuildFile; fileRef = 0B7CCF172A526F5B00CE6807 /* KeychainManager.swift */; };
		0BBA36A22A1C58DA0021186C /* BasicButtonStyle.swift in Sources */ = {isa = PBXBuildFile; fileRef = 0BBA36A12A1C58DA0021186C /* BasicButtonStyle.swift */; };
		0BD04AA82A43D8AA00CD0ED1 /* MemberService.swift in Sources */ = {isa = PBXBuildFile; fileRef = 0BD04AA72A43D8AA00CD0ED1 /* MemberService.swift */; };
		0BD37A662A1D9A8C005F5190 /* LoginView.swift in Sources */ = {isa = PBXBuildFile; fileRef = 0BD37A652A1D9A8C005F5190 /* LoginView.swift */; };
		0BD37A682A1DAC0A005F5190 /* Member.swift in Sources */ = {isa = PBXBuildFile; fileRef = 0BD37A672A1DAC0A005F5190 /* Member.swift */; };
		0BF80BA92A4E9ACC0097EC8F /* HabitViewModel.swift in Sources */ = {isa = PBXBuildFile; fileRef = 0BF80BA82A4E9ACC0097EC8F /* HabitViewModel.swift */; };
		0BF80BAB2A4E9DD90097EC8F /* HabitService.swift in Sources */ = {isa = PBXBuildFile; fileRef = 0BF80BAA2A4E9DD90097EC8F /* HabitService.swift */; };
		0BF80BAD2A4EA0B20097EC8F /* Habit.swift in Sources */ = {isa = PBXBuildFile; fileRef = 0BF80BAC2A4EA0B20097EC8F /* Habit.swift */; };
		0BF80BAF2A4EB1A50097EC8F /* CustomAlertView.swift in Sources */ = {isa = PBXBuildFile; fileRef = 0BF80BAE2A4EB1A50097EC8F /* CustomAlertView.swift */; };
		A84AC4422A29E83600AE6264 /* Config.swift in Sources */ = {isa = PBXBuildFile; fileRef = A84AC4412A29E83600AE6264 /* Config.swift */; };
		A87CB08C2A3F06CB00ADF0B1 /* Utils.swift in Sources */ = {isa = PBXBuildFile; fileRef = A87CB08B2A3F06CB00ADF0B1 /* Utils.swift */; };
		A87CB08F2A3F0BEF00ADF0B1 /* HomeView.swift in Sources */ = {isa = PBXBuildFile; fileRef = A87CB08E2A3F0BEF00ADF0B1 /* HomeView.swift */; };
		A890E89C2A3EF7CD0051A5E9 /* NetworkAgent.swift in Sources */ = {isa = PBXBuildFile; fileRef = A890E89B2A3EF7CD0051A5E9 /* NetworkAgent.swift */; };
		A8A2D4102A34922800399B62 /* MemberViewModel.swift in Sources */ = {isa = PBXBuildFile; fileRef = A8A2D40F2A34922800399B62 /* MemberViewModel.swift */; };
		A8B34A612A4078BA00F936A4 /* GoogleService-Info.plist in Resources */ = {isa = PBXBuildFile; fileRef = A8B34A602A4078BA00F936A4 /* GoogleService-Info.plist */; };
		A8D13F742A176BA600159864 /* three_days_iOSApp.swift in Sources */ = {isa = PBXBuildFile; fileRef = A8D13F732A176BA600159864 /* three_days_iOSApp.swift */; };
		A8D13F762A176BA600159864 /* MainView.swift in Sources */ = {isa = PBXBuildFile; fileRef = A8D13F752A176BA600159864 /* MainView.swift */; };
		A8D13F782A176BA700159864 /* Assets.xcassets in Resources */ = {isa = PBXBuildFile; fileRef = A8D13F772A176BA700159864 /* Assets.xcassets */; };
		A8D13F7B2A176BA700159864 /* Preview Assets.xcassets in Resources */ = {isa = PBXBuildFile; fileRef = A8D13F7A2A176BA700159864 /* Preview Assets.xcassets */; };
		B639FA68EE722BDFDA470E42 /* Pods_three_days_iOS.framework in Frameworks */ = {isa = PBXBuildFile; fileRef = 6E4049CD08416D14729395A9 /* Pods_three_days_iOS.framework */; };
/* End PBXBuildFile section */

/* Begin PBXFileReference section */
		0B373C5F2A1EFCBD003152A1 /* LoginCompleteView.swift */ = {isa = PBXFileReference; lastKnownFileType = sourcecode.swift; path = LoginCompleteView.swift; sourceTree = "<group>"; };
		0B76B5662A1C3CB400C45600 /* Color.xcassets */ = {isa = PBXFileReference; lastKnownFileType = folder.assetcatalog; path = Color.xcassets; sourceTree = "<group>"; };
		0B76B5682A1C3E2E00C45600 /* LaunchScreen.storyboard */ = {isa = PBXFileReference; lastKnownFileType = file.storyboard; path = LaunchScreen.storyboard; sourceTree = "<group>"; };
		0B76B56B2A1C477E00C45600 /* OnboardingView.swift */ = {isa = PBXFileReference; lastKnownFileType = sourcecode.swift; path = OnboardingView.swift; sourceTree = "<group>"; };
		0B76B5702A1C510E00C45600 /* SUIT-Thin.ttf */ = {isa = PBXFileReference; lastKnownFileType = file; path = "SUIT-Thin.ttf"; sourceTree = "<group>"; };
		0B76B5712A1C510E00C45600 /* SUIT-Light.ttf */ = {isa = PBXFileReference; lastKnownFileType = file; path = "SUIT-Light.ttf"; sourceTree = "<group>"; };
		0B76B5722A1C510E00C45600 /* SUIT-Regular.ttf */ = {isa = PBXFileReference; lastKnownFileType = file; path = "SUIT-Regular.ttf"; sourceTree = "<group>"; };
		0B76B5732A1C510E00C45600 /* SUIT-SemiBold.ttf */ = {isa = PBXFileReference; lastKnownFileType = file; path = "SUIT-SemiBold.ttf"; sourceTree = "<group>"; };
		0B76B5742A1C510F00C45600 /* SUIT-Bold.ttf */ = {isa = PBXFileReference; lastKnownFileType = file; path = "SUIT-Bold.ttf"; sourceTree = "<group>"; };
		0B76B5752A1C511000C45600 /* SUIT-Medium.ttf */ = {isa = PBXFileReference; lastKnownFileType = file; path = "SUIT-Medium.ttf"; sourceTree = "<group>"; };
		0B76B5762A1C511100C45600 /* SUIT-ExtraBold.ttf */ = {isa = PBXFileReference; lastKnownFileType = file; path = "SUIT-ExtraBold.ttf"; sourceTree = "<group>"; };
		0B76B5772A1C511100C45600 /* SUIT-ExtraLight.ttf */ = {isa = PBXFileReference; lastKnownFileType = file; path = "SUIT-ExtraLight.ttf"; sourceTree = "<group>"; };
		0B76B5782A1C511100C45600 /* SUIT-Heavy.ttf */ = {isa = PBXFileReference; lastKnownFileType = file; path = "SUIT-Heavy.ttf"; sourceTree = "<group>"; };
		0B76B5842A1C535C00C45600 /* Info.plist */ = {isa = PBXFileReference; lastKnownFileType = text.plist; path = Info.plist; sourceTree = "<group>"; };
		0B7CCF152A52632400CE6807 /* AppDelegate.swift */ = {isa = PBXFileReference; lastKnownFileType = sourcecode.swift; path = AppDelegate.swift; sourceTree = "<group>"; };
		0B7CCF172A526F5B00CE6807 /* KeychainManager.swift */ = {isa = PBXFileReference; lastKnownFileType = sourcecode.swift; path = KeychainManager.swift; sourceTree = "<group>"; };
		0B99131E2A281D1600C30ADB /* three-days-iOS.entitlements */ = {isa = PBXFileReference; lastKnownFileType = text.plist.entitlements; path = "three-days-iOS.entitlements"; sourceTree = "<group>"; };
		0BBA36A12A1C58DA0021186C /* BasicButtonStyle.swift */ = {isa = PBXFileReference; lastKnownFileType = sourcecode.swift; path = BasicButtonStyle.swift; sourceTree = "<group>"; };
		0BD04AA72A43D8AA00CD0ED1 /* MemberService.swift */ = {isa = PBXFileReference; lastKnownFileType = sourcecode.swift; path = MemberService.swift; sourceTree = "<group>"; };
		0BD37A652A1D9A8C005F5190 /* LoginView.swift */ = {isa = PBXFileReference; lastKnownFileType = sourcecode.swift; path = LoginView.swift; sourceTree = "<group>"; };
		0BD37A672A1DAC0A005F5190 /* Member.swift */ = {isa = PBXFileReference; lastKnownFileType = sourcecode.swift; path = Member.swift; sourceTree = "<group>"; };
		0BF80BA82A4E9ACC0097EC8F /* HabitViewModel.swift */ = {isa = PBXFileReference; lastKnownFileType = sourcecode.swift; path = HabitViewModel.swift; sourceTree = "<group>"; };
		0BF80BAA2A4E9DD90097EC8F /* HabitService.swift */ = {isa = PBXFileReference; lastKnownFileType = sourcecode.swift; path = HabitService.swift; sourceTree = "<group>"; };
		0BF80BAC2A4EA0B20097EC8F /* Habit.swift */ = {isa = PBXFileReference; lastKnownFileType = sourcecode.swift; path = Habit.swift; sourceTree = "<group>"; };
		0BF80BAE2A4EB1A50097EC8F /* CustomAlertView.swift */ = {isa = PBXFileReference; lastKnownFileType = sourcecode.swift; path = CustomAlertView.swift; sourceTree = "<group>"; };
		6E4049CD08416D14729395A9 /* Pods_three_days_iOS.framework */ = {isa = PBXFileReference; explicitFileType = wrapper.framework; includeInIndex = 0; path = Pods_three_days_iOS.framework; sourceTree = BUILT_PRODUCTS_DIR; };
		742ED8F18608707C8C46396B /* Pods-three-days-iOS.debug.xcconfig */ = {isa = PBXFileReference; includeInIndex = 1; lastKnownFileType = text.xcconfig; name = "Pods-three-days-iOS.debug.xcconfig"; path = "Target Support Files/Pods-three-days-iOS/Pods-three-days-iOS.debug.xcconfig"; sourceTree = "<group>"; };
		A84AC4402A29E56200AE6264 /* Authorization.xcconfig */ = {isa = PBXFileReference; lastKnownFileType = text.xcconfig; path = Authorization.xcconfig; sourceTree = "<group>"; };
		A84AC4412A29E83600AE6264 /* Config.swift */ = {isa = PBXFileReference; lastKnownFileType = sourcecode.swift; path = Config.swift; sourceTree = "<group>"; };
		A87CB08B2A3F06CB00ADF0B1 /* Utils.swift */ = {isa = PBXFileReference; lastKnownFileType = sourcecode.swift; path = Utils.swift; sourceTree = "<group>"; };
		A87CB08E2A3F0BEF00ADF0B1 /* HomeView.swift */ = {isa = PBXFileReference; lastKnownFileType = sourcecode.swift; path = HomeView.swift; sourceTree = "<group>"; };
		A890E89B2A3EF7CD0051A5E9 /* NetworkAgent.swift */ = {isa = PBXFileReference; lastKnownFileType = sourcecode.swift; path = NetworkAgent.swift; sourceTree = "<group>"; };
		A8A2D40F2A34922800399B62 /* MemberViewModel.swift */ = {isa = PBXFileReference; lastKnownFileType = sourcecode.swift; path = MemberViewModel.swift; sourceTree = "<group>"; };
		A8B34A602A4078BA00F936A4 /* GoogleService-Info.plist */ = {isa = PBXFileReference; fileEncoding = 4; lastKnownFileType = text.plist.xml; path = "GoogleService-Info.plist"; sourceTree = "<group>"; };
		A8B4116A2A34795A00B2C0E5 /* Main.xcconfig */ = {isa = PBXFileReference; lastKnownFileType = text.xcconfig; path = Main.xcconfig; sourceTree = "<group>"; };
		A8D13F702A176BA600159864 /* three-days-iOS.app */ = {isa = PBXFileReference; explicitFileType = wrapper.application; includeInIndex = 0; path = "three-days-iOS.app"; sourceTree = BUILT_PRODUCTS_DIR; };
		A8D13F732A176BA600159864 /* three_days_iOSApp.swift */ = {isa = PBXFileReference; lastKnownFileType = sourcecode.swift; path = three_days_iOSApp.swift; sourceTree = "<group>"; };
		A8D13F752A176BA600159864 /* MainView.swift */ = {isa = PBXFileReference; lastKnownFileType = sourcecode.swift; path = MainView.swift; sourceTree = "<group>"; };
		A8D13F772A176BA700159864 /* Assets.xcassets */ = {isa = PBXFileReference; lastKnownFileType = folder.assetcatalog; path = Assets.xcassets; sourceTree = "<group>"; };
		A8D13F7A2A176BA700159864 /* Preview Assets.xcassets */ = {isa = PBXFileReference; lastKnownFileType = folder.assetcatalog; path = "Preview Assets.xcassets"; sourceTree = "<group>"; };
		E3A9C1D681736E77656D6C32 /* Pods-three-days-iOS.release.xcconfig */ = {isa = PBXFileReference; includeInIndex = 1; lastKnownFileType = text.xcconfig; name = "Pods-three-days-iOS.release.xcconfig"; path = "Target Support Files/Pods-three-days-iOS/Pods-three-days-iOS.release.xcconfig"; sourceTree = "<group>"; };
/* End PBXFileReference section */

/* Begin PBXFrameworksBuildPhase section */
		A8D13F6D2A176BA600159864 /* Frameworks */ = {
			isa = PBXFrameworksBuildPhase;
			buildActionMask = 2147483647;
			files = (
				B639FA68EE722BDFDA470E42 /* Pods_three_days_iOS.framework in Frameworks */,
			);
			runOnlyForDeploymentPostprocessing = 0;
		};
/* End PBXFrameworksBuildPhase section */

/* Begin PBXGroup section */
		0B76B5632A1C3C4D00C45600 /* Assets */ = {
			isa = PBXGroup;
			children = (
				A8D13F772A176BA700159864 /* Assets.xcassets */,
				0B76B5662A1C3CB400C45600 /* Color.xcassets */,
				0B76B56F2A1C50CC00C45600 /* Font */,
			);
			path = Assets;
			sourceTree = "<group>";
		};
		0B76B5642A1C3C6200C45600 /* Models */ = {
			isa = PBXGroup;
			children = (
				0BD37A672A1DAC0A005F5190 /* Member.swift */,
				0BF80BAC2A4EA0B20097EC8F /* Habit.swift */,
			);
			path = Models;
			sourceTree = "<group>";
		};
		0B76B5652A1C3C6F00C45600 /* Views */ = {
			isa = PBXGroup;
			children = (
				0B76B5682A1C3E2E00C45600 /* LaunchScreen.storyboard */,
				A8D13F752A176BA600159864 /* MainView.swift */,
				0BBA369F2A1C589B0021186C /* Components */,
				0BBA369E2A1C58920021186C /* Screens */,
				0BBA36A02A1C58A40021186C /* Styles */,
			);
			path = Views;
			sourceTree = "<group>";
		};
		0B76B56A2A1C473B00C45600 /* OnboardingView */ = {
			isa = PBXGroup;
			children = (
				0B76B56B2A1C477E00C45600 /* OnboardingView.swift */,
			);
			path = OnboardingView;
			sourceTree = "<group>";
		};
		0B76B56F2A1C50CC00C45600 /* Font */ = {
			isa = PBXGroup;
			children = (
				0B76B5742A1C510F00C45600 /* SUIT-Bold.ttf */,
				0B76B5762A1C511100C45600 /* SUIT-ExtraBold.ttf */,
				0B76B5772A1C511100C45600 /* SUIT-ExtraLight.ttf */,
				0B76B5782A1C511100C45600 /* SUIT-Heavy.ttf */,
				0B76B5712A1C510E00C45600 /* SUIT-Light.ttf */,
				0B76B5752A1C511000C45600 /* SUIT-Medium.ttf */,
				0B76B5722A1C510E00C45600 /* SUIT-Regular.ttf */,
				0B76B5732A1C510E00C45600 /* SUIT-SemiBold.ttf */,
				0B76B5702A1C510E00C45600 /* SUIT-Thin.ttf */,
			);
			path = Font;
			sourceTree = "<group>";
		};
		0BBA369E2A1C58920021186C /* Screens */ = {
			isa = PBXGroup;
			children = (
				0B76B56A2A1C473B00C45600 /* OnboardingView */,
				0BD37A632A1D9A6F005F5190 /* LoginView */,
				A87CB08D2A3F0BCC00ADF0B1 /* HomeView */,
				0BF80BAE2A4EB1A50097EC8F /* CustomAlertView.swift */,
			);
			path = Screens;
			sourceTree = "<group>";
		};
		0BBA369F2A1C589B0021186C /* Components */ = {
			isa = PBXGroup;
			children = (
			);
			path = Components;
			sourceTree = "<group>";
		};
		0BBA36A02A1C58A40021186C /* Styles */ = {
			isa = PBXGroup;
			children = (
				0BBA36A12A1C58DA0021186C /* BasicButtonStyle.swift */,
			);
			path = Styles;
			sourceTree = "<group>";
		};
		0BD04AA92A43D8E000CD0ED1 /* ViewModels */ = {
			isa = PBXGroup;
			children = (
				A8A2D40F2A34922800399B62 /* MemberViewModel.swift */,
				0BF80BA82A4E9ACC0097EC8F /* HabitViewModel.swift */,
			);
			path = ViewModels;
			sourceTree = "<group>";
		};
		0BD37A632A1D9A6F005F5190 /* LoginView */ = {
			isa = PBXGroup;
			children = (
				0BD37A652A1D9A8C005F5190 /* LoginView.swift */,
				0B373C5F2A1EFCBD003152A1 /* LoginCompleteView.swift */,
			);
			path = LoginView;
			sourceTree = "<group>";
		};
		8E9A68DA842AF4EFC7A332B4 /* Frameworks */ = {
			isa = PBXGroup;
			children = (
				6E4049CD08416D14729395A9 /* Pods_three_days_iOS.framework */,
			);
			name = Frameworks;
			sourceTree = "<group>";
		};
		93AAC99CA221EE66D41FD4CA /* Pods */ = {
			isa = PBXGroup;
			children = (
				742ED8F18608707C8C46396B /* Pods-three-days-iOS.debug.xcconfig */,
				E3A9C1D681736E77656D6C32 /* Pods-three-days-iOS.release.xcconfig */,
			);
			path = Pods;
			sourceTree = "<group>";
		};
		A84AC43F2A29E48D00AE6264 /* Configurations */ = {
			isa = PBXGroup;
			children = (
				A84AC4402A29E56200AE6264 /* Authorization.xcconfig */,
				A84AC4412A29E83600AE6264 /* Config.swift */,
				A8B4116A2A34795A00B2C0E5 /* Main.xcconfig */,
			);
			path = Configurations;
			sourceTree = "<group>";
		};
		A87CB08D2A3F0BCC00ADF0B1 /* HomeView */ = {
			isa = PBXGroup;
			children = (
				A87CB08E2A3F0BEF00ADF0B1 /* HomeView.swift */,
			);
			path = HomeView;
			sourceTree = "<group>";
		};
		A8A2D4112A359EF100399B62 /* Services */ = {
			isa = PBXGroup;
			children = (
				0BD04AA72A43D8AA00CD0ED1 /* MemberService.swift */,
				0BF80BAA2A4E9DD90097EC8F /* HabitService.swift */,
			);
			path = Services;
			sourceTree = "<group>";
		};
		A8A2D4142A35A03000399B62 /* Utils */ = {
			isa = PBXGroup;
			children = (
				0B7CCF172A526F5B00CE6807 /* KeychainManager.swift */,
				A890E89B2A3EF7CD0051A5E9 /* NetworkAgent.swift */,
				A87CB08B2A3F06CB00ADF0B1 /* Utils.swift */,
			);
			path = Utils;
			sourceTree = "<group>";
		};
		A8D13F672A176BA600159864 = {
			isa = PBXGroup;
			children = (
				A8D13F722A176BA600159864 /* three-days-iOS */,
				A8D13F712A176BA600159864 /* Products */,
				93AAC99CA221EE66D41FD4CA /* Pods */,
				8E9A68DA842AF4EFC7A332B4 /* Frameworks */,
			);
			sourceTree = "<group>";
		};
		A8D13F712A176BA600159864 /* Products */ = {
			isa = PBXGroup;
			children = (
				A8D13F702A176BA600159864 /* three-days-iOS.app */,
			);
			name = Products;
			sourceTree = "<group>";
		};
		A8D13F722A176BA600159864 /* three-days-iOS */ = {
			isa = PBXGroup;
			children = (
				0B99131E2A281D1600C30ADB /* three-days-iOS.entitlements */,
				0B76B5842A1C535C00C45600 /* Info.plist */,
				A8B34A602A4078BA00F936A4 /* GoogleService-Info.plist */,
				0B7CCF152A52632400CE6807 /* AppDelegate.swift */,
				A8D13F732A176BA600159864 /* three_days_iOSApp.swift */,
				0B76B5642A1C3C6200C45600 /* Models */,
				0B76B5652A1C3C6F00C45600 /* Views */,
				0BD04AA92A43D8E000CD0ED1 /* ViewModels */,
				A8A2D4112A359EF100399B62 /* Services */,
				0B76B5632A1C3C4D00C45600 /* Assets */,
				A8A2D4142A35A03000399B62 /* Utils */,
				A84AC43F2A29E48D00AE6264 /* Configurations */,
				A8D13F792A176BA700159864 /* Preview Content */,
			);
			path = "three-days-iOS";
			sourceTree = "<group>";
		};
		A8D13F792A176BA700159864 /* Preview Content */ = {
			isa = PBXGroup;
			children = (
				A8D13F7A2A176BA700159864 /* Preview Assets.xcassets */,
			);
			path = "Preview Content";
			sourceTree = "<group>";
		};
/* End PBXGroup section */

/* Begin PBXNativeTarget section */
		A8D13F6F2A176BA600159864 /* three-days-iOS */ = {
			isa = PBXNativeTarget;
			buildConfigurationList = A8D13F7E2A176BA700159864 /* Build configuration list for PBXNativeTarget "three-days-iOS" */;
			buildPhases = (
				345C1F8EE3636DA1594BC615 /* [CP] Check Pods Manifest.lock */,
				A8D13F6C2A176BA600159864 /* Sources */,
				A8D13F6D2A176BA600159864 /* Frameworks */,
				A8D13F6E2A176BA600159864 /* Resources */,
				E69BFEDE4E666AC0139B909D /* [CP] Embed Pods Frameworks */,
			);
			buildRules = (
			);
			dependencies = (
			);
			name = "three-days-iOS";
			productName = "three-days-iOS";
			productReference = A8D13F702A176BA600159864 /* three-days-iOS.app */;
			productType = "com.apple.product-type.application";
		};
/* End PBXNativeTarget section */

/* Begin PBXProject section */
		A8D13F682A176BA600159864 /* Project object */ = {
			isa = PBXProject;
			attributes = {
				BuildIndependentTargetsInParallel = NO;
				LastSwiftUpdateCheck = 1420;
				LastUpgradeCheck = 1420;
				TargetAttributes = {
					A8D13F6F2A176BA600159864 = {
						CreatedOnToolsVersion = 14.2;
					};
				};
			};
			buildConfigurationList = A8D13F6B2A176BA600159864 /* Build configuration list for PBXProject "three-days-iOS" */;
			compatibilityVersion = "Xcode 14.0";
			developmentRegion = en;
			hasScannedForEncodings = 0;
			knownRegions = (
				en,
				Base,
			);
			mainGroup = A8D13F672A176BA600159864;
			productRefGroup = A8D13F712A176BA600159864 /* Products */;
			projectDirPath = "";
			projectRoot = "";
			targets = (
				A8D13F6F2A176BA600159864 /* three-days-iOS */,
			);
		};
/* End PBXProject section */

/* Begin PBXResourcesBuildPhase section */
		A8D13F6E2A176BA600159864 /* Resources */ = {
			isa = PBXResourcesBuildPhase;
			buildActionMask = 2147483647;
			files = (
				0B76B57D2A1C511100C45600 /* SUIT-Bold.ttf in Resources */,
				0B76B5802A1C511100C45600 /* SUIT-ExtraLight.ttf in Resources */,
				A8D13F7B2A176BA700159864 /* Preview Assets.xcassets in Resources */,
				0B76B57F2A1C511100C45600 /* SUIT-ExtraBold.ttf in Resources */,
				0B76B5812A1C511100C45600 /* SUIT-Heavy.ttf in Resources */,
				0B76B57E2A1C511100C45600 /* SUIT-Medium.ttf in Resources */,
				0B76B5692A1C3E2E00C45600 /* LaunchScreen.storyboard in Resources */,
				0B76B57B2A1C511100C45600 /* SUIT-Regular.ttf in Resources */,
				0B76B5792A1C511100C45600 /* SUIT-Thin.ttf in Resources */,
				A8D13F782A176BA700159864 /* Assets.xcassets in Resources */,
				0B76B57A2A1C511100C45600 /* SUIT-Light.ttf in Resources */,
				0B76B57C2A1C511100C45600 /* SUIT-SemiBold.ttf in Resources */,
				0B76B5672A1C3CB400C45600 /* Color.xcassets in Resources */,
				A8B34A612A4078BA00F936A4 /* GoogleService-Info.plist in Resources */,
			);
			runOnlyForDeploymentPostprocessing = 0;
		};
/* End PBXResourcesBuildPhase section */

/* Begin PBXShellScriptBuildPhase section */
		345C1F8EE3636DA1594BC615 /* [CP] Check Pods Manifest.lock */ = {
			isa = PBXShellScriptBuildPhase;
			buildActionMask = 2147483647;
			files = (
			);
			inputFileListPaths = (
			);
			inputPaths = (
				"${PODS_PODFILE_DIR_PATH}/Podfile.lock",
				"${PODS_ROOT}/Manifest.lock",
			);
			name = "[CP] Check Pods Manifest.lock";
			outputFileListPaths = (
			);
			outputPaths = (
				"$(DERIVED_FILE_DIR)/Pods-three-days-iOS-checkManifestLockResult.txt",
			);
			runOnlyForDeploymentPostprocessing = 0;
			shellPath = /bin/sh;
			shellScript = "diff \"${PODS_PODFILE_DIR_PATH}/Podfile.lock\" \"${PODS_ROOT}/Manifest.lock\" > /dev/null\nif [ $? != 0 ] ; then\n    # print error to STDERR\n    echo \"error: The sandbox is not in sync with the Podfile.lock. Run 'pod install' or update your CocoaPods installation.\" >&2\n    exit 1\nfi\n# This output is used by Xcode 'outputs' to avoid re-running this script phase.\necho \"SUCCESS\" > \"${SCRIPT_OUTPUT_FILE_0}\"\n";
			showEnvVarsInLog = 0;
		};
		E69BFEDE4E666AC0139B909D /* [CP] Embed Pods Frameworks */ = {
			isa = PBXShellScriptBuildPhase;
			buildActionMask = 2147483647;
			files = (
			);
			inputFileListPaths = (
				"${PODS_ROOT}/Target Support Files/Pods-three-days-iOS/Pods-three-days-iOS-frameworks-${CONFIGURATION}-input-files.xcfilelist",
			);
			name = "[CP] Embed Pods Frameworks";
			outputFileListPaths = (
				"${PODS_ROOT}/Target Support Files/Pods-three-days-iOS/Pods-three-days-iOS-frameworks-${CONFIGURATION}-output-files.xcfilelist",
			);
			runOnlyForDeploymentPostprocessing = 0;
			shellPath = /bin/sh;
			shellScript = "\"${PODS_ROOT}/Target Support Files/Pods-three-days-iOS/Pods-three-days-iOS-frameworks.sh\"\n";
			showEnvVarsInLog = 0;
		};
/* End PBXShellScriptBuildPhase section */

/* Begin PBXSourcesBuildPhase section */
		A8D13F6C2A176BA600159864 /* Sources */ = {
			isa = PBXSourcesBuildPhase;
			buildActionMask = 2147483647;
			files = (
				0BF80BAF2A4EB1A50097EC8F /* CustomAlertView.swift in Sources */,
				0BD37A662A1D9A8C005F5190 /* LoginView.swift in Sources */,
				0BD04AA82A43D8AA00CD0ED1 /* MemberService.swift in Sources */,
				0B76B56C2A1C477E00C45600 /* OnboardingView.swift in Sources */,
				0B7CCF182A526F5B00CE6807 /* KeychainManager.swift in Sources */,
				A87CB08F2A3F0BEF00ADF0B1 /* HomeView.swift in Sources */,
				A87CB08C2A3F06CB00ADF0B1 /* Utils.swift in Sources */,
				A84AC4422A29E83600AE6264 /* Config.swift in Sources */,
				A890E89C2A3EF7CD0051A5E9 /* NetworkAgent.swift in Sources */,
				A8D13F762A176BA600159864 /* MainView.swift in Sources */,
				A8D13F742A176BA600159864 /* three_days_iOSApp.swift in Sources */,
				0BF80BA92A4E9ACC0097EC8F /* HabitViewModel.swift in Sources */,
				0BD37A682A1DAC0A005F5190 /* Member.swift in Sources */,
				0B7CCF162A52632400CE6807 /* AppDelegate.swift in Sources */,
				0BF80BAB2A4E9DD90097EC8F /* HabitService.swift in Sources */,
				0BBA36A22A1C58DA0021186C /* BasicButtonStyle.swift in Sources */,
				A8A2D4102A34922800399B62 /* MemberViewModel.swift in Sources */,
				0BF80BAD2A4EA0B20097EC8F /* Habit.swift in Sources */,
				0B373C602A1EFCBD003152A1 /* LoginCompleteView.swift in Sources */,
			);
			runOnlyForDeploymentPostprocessing = 0;
		};
/* End PBXSourcesBuildPhase section */

/* Begin XCBuildConfiguration section */
		A8D13F7C2A176BA700159864 /* Debug */ = {
			isa = XCBuildConfiguration;
			baseConfigurationReference = A8B4116A2A34795A00B2C0E5 /* Main.xcconfig */;
			buildSettings = {
				ALWAYS_SEARCH_USER_PATHS = NO;
				CLANG_ANALYZER_NONNULL = YES;
				CLANG_ANALYZER_NUMBER_OBJECT_CONVERSION = YES_AGGRESSIVE;
				CLANG_CXX_LANGUAGE_STANDARD = "gnu++20";
				CLANG_ENABLE_MODULES = YES;
				CLANG_ENABLE_OBJC_ARC = YES;
				CLANG_ENABLE_OBJC_WEAK = YES;
				CLANG_WARN_BLOCK_CAPTURE_AUTORELEASING = YES;
				CLANG_WARN_BOOL_CONVERSION = YES;
				CLANG_WARN_COMMA = YES;
				CLANG_WARN_CONSTANT_CONVERSION = YES;
				CLANG_WARN_DEPRECATED_OBJC_IMPLEMENTATIONS = YES;
				CLANG_WARN_DIRECT_OBJC_ISA_USAGE = YES_ERROR;
				CLANG_WARN_DOCUMENTATION_COMMENTS = YES;
				CLANG_WARN_EMPTY_BODY = YES;
				CLANG_WARN_ENUM_CONVERSION = YES;
				CLANG_WARN_INFINITE_RECURSION = YES;
				CLANG_WARN_INT_CONVERSION = YES;
				CLANG_WARN_NON_LITERAL_NULL_CONVERSION = YES;
				CLANG_WARN_OBJC_IMPLICIT_RETAIN_SELF = YES;
				CLANG_WARN_OBJC_LITERAL_CONVERSION = YES;
				CLANG_WARN_OBJC_ROOT_CLASS = YES_ERROR;
				CLANG_WARN_QUOTED_INCLUDE_IN_FRAMEWORK_HEADER = YES;
				CLANG_WARN_RANGE_LOOP_ANALYSIS = YES;
				CLANG_WARN_STRICT_PROTOTYPES = YES;
				CLANG_WARN_SUSPICIOUS_MOVE = YES;
				CLANG_WARN_UNGUARDED_AVAILABILITY = YES_AGGRESSIVE;
				CLANG_WARN_UNREACHABLE_CODE = YES;
				CLANG_WARN__DUPLICATE_METHOD_MATCH = YES;
				COPY_PHASE_STRIP = NO;
				DEBUG_INFORMATION_FORMAT = dwarf;
				ENABLE_STRICT_OBJC_MSGSEND = YES;
				ENABLE_TESTABILITY = YES;
				GCC_C_LANGUAGE_STANDARD = gnu11;
				GCC_DYNAMIC_NO_PIC = NO;
				GCC_NO_COMMON_BLOCKS = YES;
				GCC_OPTIMIZATION_LEVEL = 0;
				GCC_PREPROCESSOR_DEFINITIONS = (
					"DEBUG=1",
					"$(inherited)",
				);
				GCC_WARN_64_TO_32_BIT_CONVERSION = YES;
				GCC_WARN_ABOUT_RETURN_TYPE = YES_ERROR;
				GCC_WARN_UNDECLARED_SELECTOR = YES;
				GCC_WARN_UNINITIALIZED_AUTOS = YES_AGGRESSIVE;
				GCC_WARN_UNUSED_FUNCTION = YES;
				GCC_WARN_UNUSED_VARIABLE = YES;
				IPHONEOS_DEPLOYMENT_TARGET = 16.2;
				MTL_ENABLE_DEBUG_INFO = INCLUDE_SOURCE;
				MTL_FAST_MATH = YES;
				ONLY_ACTIVE_ARCH = YES;
				SDKROOT = iphoneos;
				SWIFT_ACTIVE_COMPILATION_CONDITIONS = DEBUG;
				SWIFT_OPTIMIZATION_LEVEL = "-Onone";
			};
			name = Debug;
		};
		A8D13F7D2A176BA700159864 /* Release */ = {
			isa = XCBuildConfiguration;
			baseConfigurationReference = A8B4116A2A34795A00B2C0E5 /* Main.xcconfig */;
			buildSettings = {
				ALWAYS_SEARCH_USER_PATHS = NO;
				CLANG_ANALYZER_NONNULL = YES;
				CLANG_ANALYZER_NUMBER_OBJECT_CONVERSION = YES_AGGRESSIVE;
				CLANG_CXX_LANGUAGE_STANDARD = "gnu++20";
				CLANG_ENABLE_MODULES = YES;
				CLANG_ENABLE_OBJC_ARC = YES;
				CLANG_ENABLE_OBJC_WEAK = YES;
				CLANG_WARN_BLOCK_CAPTURE_AUTORELEASING = YES;
				CLANG_WARN_BOOL_CONVERSION = YES;
				CLANG_WARN_COMMA = YES;
				CLANG_WARN_CONSTANT_CONVERSION = YES;
				CLANG_WARN_DEPRECATED_OBJC_IMPLEMENTATIONS = YES;
				CLANG_WARN_DIRECT_OBJC_ISA_USAGE = YES_ERROR;
				CLANG_WARN_DOCUMENTATION_COMMENTS = YES;
				CLANG_WARN_EMPTY_BODY = YES;
				CLANG_WARN_ENUM_CONVERSION = YES;
				CLANG_WARN_INFINITE_RECURSION = YES;
				CLANG_WARN_INT_CONVERSION = YES;
				CLANG_WARN_NON_LITERAL_NULL_CONVERSION = YES;
				CLANG_WARN_OBJC_IMPLICIT_RETAIN_SELF = YES;
				CLANG_WARN_OBJC_LITERAL_CONVERSION = YES;
				CLANG_WARN_OBJC_ROOT_CLASS = YES_ERROR;
				CLANG_WARN_QUOTED_INCLUDE_IN_FRAMEWORK_HEADER = YES;
				CLANG_WARN_RANGE_LOOP_ANALYSIS = YES;
				CLANG_WARN_STRICT_PROTOTYPES = YES;
				CLANG_WARN_SUSPICIOUS_MOVE = YES;
				CLANG_WARN_UNGUARDED_AVAILABILITY = YES_AGGRESSIVE;
				CLANG_WARN_UNREACHABLE_CODE = YES;
				CLANG_WARN__DUPLICATE_METHOD_MATCH = YES;
				COPY_PHASE_STRIP = NO;
				DEBUG_INFORMATION_FORMAT = "dwarf-with-dsym";
				ENABLE_NS_ASSERTIONS = NO;
				ENABLE_STRICT_OBJC_MSGSEND = YES;
				GCC_C_LANGUAGE_STANDARD = gnu11;
				GCC_NO_COMMON_BLOCKS = YES;
				GCC_WARN_64_TO_32_BIT_CONVERSION = YES;
				GCC_WARN_ABOUT_RETURN_TYPE = YES_ERROR;
				GCC_WARN_UNDECLARED_SELECTOR = YES;
				GCC_WARN_UNINITIALIZED_AUTOS = YES_AGGRESSIVE;
				GCC_WARN_UNUSED_FUNCTION = YES;
				GCC_WARN_UNUSED_VARIABLE = YES;
				IPHONEOS_DEPLOYMENT_TARGET = 16.2;
				MTL_ENABLE_DEBUG_INFO = NO;
				MTL_FAST_MATH = YES;
				SDKROOT = iphoneos;
				SWIFT_COMPILATION_MODE = wholemodule;
				SWIFT_OPTIMIZATION_LEVEL = "-O";
				VALIDATE_PRODUCT = YES;
			};
			name = Release;
		};
		A8D13F7F2A176BA700159864 /* Debug */ = {
			isa = XCBuildConfiguration;
			baseConfigurationReference = 742ED8F18608707C8C46396B /* Pods-three-days-iOS.debug.xcconfig */;
			buildSettings = {
				ASSETCATALOG_COMPILER_APPICON_NAME = AppIcon;
				ASSETCATALOG_COMPILER_GLOBAL_ACCENT_COLOR_NAME = AccentColor;
				CODE_SIGN_ENTITLEMENTS = "three-days-iOS/three-days-iOS.entitlements";
				CODE_SIGN_STYLE = Manual;
				CURRENT_PROJECT_VERSION = 1;
				DEVELOPMENT_ASSET_PATHS = "\"three-days-iOS/Preview Content\"";
				DEVELOPMENT_TEAM = "";
				ENABLE_PREVIEWS = YES;
				GENERATE_INFOPLIST_FILE = YES;
				INFOPLIST_FILE = "three-days-iOS/Info.plist";
				INFOPLIST_KEY_NSUserTrackingUsageDescription = "Your reason for using Apple Sign In";
				INFOPLIST_KEY_UIApplicationSceneManifest_Generation = YES;
				INFOPLIST_KEY_UIApplicationSupportsIndirectInputEvents = YES;
				INFOPLIST_KEY_UILaunchScreen_Generation = YES;
				INFOPLIST_KEY_UILaunchStoryboardName = LaunchScreen.storyboard;
				INFOPLIST_KEY_UISupportedInterfaceOrientations_iPad = "UIInterfaceOrientationPortrait UIInterfaceOrientationPortraitUpsideDown UIInterfaceOrientationLandscapeLeft UIInterfaceOrientationLandscapeRight";
				INFOPLIST_KEY_UISupportedInterfaceOrientations_iPhone = "UIInterfaceOrientationPortrait UIInterfaceOrientationLandscapeLeft UIInterfaceOrientationLandscapeRight";
				IPHONEOS_DEPLOYMENT_TARGET = 15.0;
				LD_RUNPATH_SEARCH_PATHS = (
					"$(inherited)",
					"@executable_path/Frameworks",
				);
				MARKETING_VERSION = 1.0;
				PRODUCT_BUNDLE_IDENTIFIER = "com.depromeet.three-days-iOS";
				PRODUCT_NAME = "$(TARGET_NAME)";
				PROVISIONING_PROFILE_SPECIFIER = threeDaysProvisioning;
				SWIFT_EMIT_LOC_STRINGS = YES;
				SWIFT_VERSION = 5.0;
				TARGETED_DEVICE_FAMILY = "1,2";
			};
			name = Debug;
		};
		A8D13F802A176BA700159864 /* Release */ = {
			isa = XCBuildConfiguration;
			baseConfigurationReference = E3A9C1D681736E77656D6C32 /* Pods-three-days-iOS.release.xcconfig */;
			buildSettings = {
				ASSETCATALOG_COMPILER_APPICON_NAME = AppIcon;
				ASSETCATALOG_COMPILER_GLOBAL_ACCENT_COLOR_NAME = AccentColor;
				CODE_SIGN_ENTITLEMENTS = "three-days-iOS/three-days-iOS.entitlements";
				CODE_SIGN_STYLE = Manual;
				CURRENT_PROJECT_VERSION = 1;
				DEVELOPMENT_ASSET_PATHS = "\"three-days-iOS/Preview Content\"";
				DEVELOPMENT_TEAM = "";
				ENABLE_PREVIEWS = YES;
				GENERATE_INFOPLIST_FILE = YES;
				INFOPLIST_FILE = "three-days-iOS/Info.plist";
				INFOPLIST_KEY_NSUserTrackingUsageDescription = "Your reason for using Apple Sign In";
				INFOPLIST_KEY_UIApplicationSceneManifest_Generation = YES;
				INFOPLIST_KEY_UIApplicationSupportsIndirectInputEvents = YES;
				INFOPLIST_KEY_UILaunchScreen_Generation = YES;
				INFOPLIST_KEY_UILaunchStoryboardName = LaunchScreen.storyboard;
				INFOPLIST_KEY_UISupportedInterfaceOrientations_iPad = "UIInterfaceOrientationPortrait UIInterfaceOrientationPortraitUpsideDown UIInterfaceOrientationLandscapeLeft UIInterfaceOrientationLandscapeRight";
				INFOPLIST_KEY_UISupportedInterfaceOrientations_iPhone = "UIInterfaceOrientationPortrait UIInterfaceOrientationLandscapeLeft UIInterfaceOrientationLandscapeRight";
				IPHONEOS_DEPLOYMENT_TARGET = 15.0;
				LD_RUNPATH_SEARCH_PATHS = (
					"$(inherited)",
					"@executable_path/Frameworks",
				);
				MARKETING_VERSION = 1.0;
				PRODUCT_BUNDLE_IDENTIFIER = "com.depromeet.three-days-iOS";
				PRODUCT_NAME = "$(TARGET_NAME)";
				PROVISIONING_PROFILE_SPECIFIER = threeDaysProvisioning;
				SWIFT_EMIT_LOC_STRINGS = YES;
				SWIFT_VERSION = 5.0;
				TARGETED_DEVICE_FAMILY = "1,2";
			};
			name = Release;
		};
/* End XCBuildConfiguration section */

/* Begin XCConfigurationList section */
		A8D13F6B2A176BA600159864 /* Build configuration list for PBXProject "three-days-iOS" */ = {
			isa = XCConfigurationList;
			buildConfigurations = (
				A8D13F7C2A176BA700159864 /* Debug */,
				A8D13F7D2A176BA700159864 /* Release */,
			);
			defaultConfigurationIsVisible = 0;
			defaultConfigurationName = Release;
		};
		A8D13F7E2A176BA700159864 /* Build configuration list for PBXNativeTarget "three-days-iOS" */ = {
			isa = XCConfigurationList;
			buildConfigurations = (
				A8D13F7F2A176BA700159864 /* Debug */,
				A8D13F802A176BA700159864 /* Release */,
			);
			defaultConfigurationIsVisible = 0;
			defaultConfigurationName = Release;
		};
/* End XCConfigurationList section */
	};
	rootObject = A8D13F682A176BA600159864 /* Project object */;
}
